PODS:
  - Alamofire (5.1.0)
  - Hero (1.5.0)
  - MBProgressHUD (1.2.0)
  - SwiftyJSON (5.0.0)

DEPENDENCIES:
  - Alamofire
  - Hero
  - MBProgressHUD
  - SwiftyJSON

SPEC REPOS:
  trunk:
    - Alamofire
    - Hero
    - MBProgressHUD
    - SwiftyJSON

SPEC CHECKSUMS:
  Alamofire: 9d5c5f602928e512395b30950c5984eca840093c
  Hero: b7385b75e7259da62f4f85462f59a5082d66b058
  MBProgressHUD: 3ee5efcc380f6a79a7cc9b363dd669c5e1ae7406
  SwiftyJSON: 36413e04c44ee145039d332b4f4e2d3e8d6c4db7

PODFILE CHECKSUM: b1f52681438bab79da17a1981064c2534a007603

COCOAPODS: 1.9.1
