// !$*UTF8*$!
{
	archiveVersion = 1;
	classes = {
	};
	objectVersion = 50;
	objects = {

/* Begin PBXBuildFile section */
		927C74011170B44AE9F527DC /* Pods_ImSplash.framework in Frameworks */ = {isa = PBXBuildFile; fileRef = 03DC4BFECCF9F7BC8830A802 /* Pods_ImSplash.framework */; };
		CF5518A8244E86610082090C /* AppDelegate.swift in Sources */ = {isa = PBXBuildFile; fileRef = CF5518A7244E86610082090C /* AppDelegate.swift */; };
		CF5518AA244E86610082090C /* SceneDelegate.swift in Sources */ = {isa = PBXBuildFile; fileRef = CF5518A9244E86610082090C /* SceneDelegate.swift */; };
		CF5518AC244E86610082090C /* ViewController.swift in Sources */ = {isa = PBXBuildFile; fileRef = CF5518AB244E86610082090C /* ViewController.swift */; };
		CF5518AF244E86610082090C /* Main.storyboard in Resources */ = {isa = PBXBuildFile; fileRef = CF5518AD244E86610082090C /* Main.storyboard */; };
		CF5518B1244E86610082090C /* Assets.xcassets in Resources */ = {isa = PBXBuildFile; fileRef = CF5518B0244E86610082090C /* Assets.xcassets */; };
		CF5518B4244E86610082090C /* LaunchScreen.storyboard in Resources */ = {isa = PBXBuildFile; fileRef = CF5518B2244E86610082090C /* LaunchScreen.storyboard */; };
/* End PBXBuildFile section */

/* Begin PBXFileReference section */
		03DC4BFECCF9F7BC8830A802 /* Pods_ImSplash.framework */ = {isa = PBXFileReference; explicitFileType = wrapper.framework; includeInIndex = 0; path = Pods_ImSplash.framework; sourceTree = BUILT_PRODUCTS_DIR; };
		5E4BCC43CB875E7483D46EDA /* Pods-ImSplash.debug.xcconfig */ = {isa = PBXFileReference; includeInIndex = 1; lastKnownFileType = text.xcconfig; name = "Pods-ImSplash.debug.xcconfig"; path = "Target Support Files/Pods-ImSplash/Pods-ImSplash.debug.xcconfig"; sourceTree = "<group>"; };
		CF5518A4244E86610082090C /* ImSplash.app */ = {isa = PBXFileReference; explicitFileType = wrapper.application; includeInIndex = 0; path = ImSplash.app; sourceTree = BUILT_PRODUCTS_DIR; };
		CF5518A7244E86610082090C /* AppDelegate.swift */ = {isa = PBXFileReference; lastKnownFileType = sourcecode.swift; path = AppDelegate.swift; sourceTree = "<group>"; };
		CF5518A9244E86610082090C /* SceneDelegate.swift */ = {isa = PBXFileReference; lastKnownFileType = sourcecode.swift; path = SceneDelegate.swift; sourceTree = "<group>"; };
		CF5518AB244E86610082090C /* ViewController.swift */ = {isa = PBXFileReference; lastKnownFileType = sourcecode.swift; path = ViewController.swift; sourceTree = "<group>"; };
		CF5518AE244E86610082090C /* Base */ = {isa = PBXFileReference; lastKnownFileType = file.storyboard; name = Base; path = Base.lproj/Main.storyboard; sourceTree = "<group>"; };
		CF5518B0244E86610082090C /* Assets.xcassets */ = {isa = PBXFileReference; lastKnownFileType = folder.assetcatalog; path = Assets.xcassets; sourceTree = "<group>"; };
		CF5518B3244E86610082090C /* Base */ = {isa = PBXFileReference; lastKnownFileType = file.storyboard; name = Base; path = Base.lproj/LaunchScreen.storyboard; sourceTree = "<group>"; };
		CF5518B5244E86610082090C /* Info.plist */ = {isa = PBXFileReference; lastKnownFileType = text.plist.xml; path = Info.plist; sourceTree = "<group>"; };
		EFAF3D094EA0B1592C67E44E /* Pods-ImSplash.release.xcconfig */ = {isa = PBXFileReference; includeInIndex = 1; lastKnownFileType = text.xcconfig; name = "Pods-ImSplash.release.xcconfig"; path = "Target Support Files/Pods-ImSplash/Pods-ImSplash.release.xcconfig"; sourceTree = "<group>"; };
/* End PBXFileReference section */

/* Begin PBXFrameworksBuildPhase section */
		CF5518A1244E86610082090C /* Frameworks */ = {
			isa = PBXFrameworksBuildPhase;
			buildActionMask = 2147483647;
			files = (
				927C74011170B44AE9F527DC /* Pods_ImSplash.framework in Frameworks */,
			);
			runOnlyForDeploymentPostprocessing = 0;
		};
/* End PBXFrameworksBuildPhase section */

/* Begin PBXGroup section */
		6F35F6DF146223E885E1A29C /* Pods */ = {
			isa = PBXGroup;
			children = (
				5E4BCC43CB875E7483D46EDA /* Pods-ImSplash.debug.xcconfig */,
				EFAF3D094EA0B1592C67E44E /* Pods-ImSplash.release.xcconfig */,
			);
			name = Pods;
			path = Pods;
			sourceTree = "<group>";
		};
		CF55189B244E86610082090C = {
			isa = PBXGroup;
			children = (
				CF5518A6244E86610082090C /* ImSplash */,
				CF5518A5244E86610082090C /* Products */,
				6F35F6DF146223E885E1A29C /* Pods */,
				D092557E095718C5F1451132 /* Frameworks */,
			);
			sourceTree = "<group>";
		};
		CF5518A5244E86610082090C /* Products */ = {
			isa = PBXGroup;
			children = (
				CF5518A4244E86610082090C /* ImSplash.app */,
			);
			name = Products;
			sourceTree = "<group>";
		};
		CF5518A6244E86610082090C /* ImSplash */ = {
			isa = PBXGroup;
			children = (
				CF5518A7244E86610082090C /* AppDelegate.swift */,
				CF5518A9244E86610082090C /* SceneDelegate.swift */,
				CF5518AB244E86610082090C /* ViewController.swift */,
				CF5518AD244E86610082090C /* Main.storyboard */,
				CF5518B0244E86610082090C /* Assets.xcassets */,
				CF5518B2244E86610082090C /* LaunchScreen.storyboard */,
				CF5518B5244E86610082090C /* Info.plist */,
			);
			path = ImSplash;
			sourceTree = "<group>";
		};
		D092557E095718C5F1451132 /* Frameworks */ = {
			isa = PBXGroup;
			children = (
				03DC4BFECCF9F7BC8830A802 /* Pods_ImSplash.framework */,
			);
			name = Frameworks;
			sourceTree = "<group>";
		};
/* End PBXGroup section */

/* Begin PBXNativeTarget section */
		CF5518A3244E86610082090C /* ImSplash */ = {
			isa = PBXNativeTarget;
			buildConfigurationList = CF5518B8244E86610082090C /* Build configuration list for PBXNativeTarget "ImSplash" */;
			buildPhases = (
				01FB1CF9D092C929109A21A3 /* [CP] Check Pods Manifest.lock */,
				CF5518A0244E86610082090C /* Sources */,
				CF5518A1244E86610082090C /* Frameworks */,
				CF5518A2244E86610082090C /* Resources */,
				01D93EE35CDA7224A8914363 /* [CP] Embed Pods Frameworks */,
			);
			buildRules = (
			);
			dependencies = (
			);
			name = ImSplash;
			productName = ImSplash;
			productReference = CF5518A4244E86610082090C /* ImSplash.app */;
			productType = "com.apple.product-type.application";
		};
/* End PBXNativeTarget section */

/* Begin PBXProject section */
		CF55189C244E86610082090C /* Project object */ = {
			isa = PBXProject;
			attributes = {
				LastSwiftUpdateCheck = 1140;
				LastUpgradeCheck = 1140;
				ORGANIZATIONNAME = "Doan Minh Hoang";
				TargetAttributes = {
					CF5518A3244E86610082090C = {
						CreatedOnToolsVersion = 11.4.1;
					};
				};
			};
			buildConfigurationList = CF55189F244E86610082090C /* Build configuration list for PBXProject "ImSplash" */;
			compatibilityVersion = "Xcode 9.3";
			developmentRegion = en;
			hasScannedForEncodings = 0;
			knownRegions = (
				en,
				Base,
			);
			mainGroup = CF55189B244E86610082090C;
			productRefGroup = CF5518A5244E86610082090C /* Products */;
			projectDirPath = "";
			projectRoot = "";
			targets = (
				CF5518A3244E86610082090C /* ImSplash */,
			);
		};
/* End PBXProject section */

/* Begin PBXResourcesBuildPhase section */
		CF5518A2244E86610082090C /* Resources */ = {
			isa = PBXResourcesBuildPhase;
			buildActionMask = 2147483647;
			files = (
				CF5518B4244E86610082090C /* LaunchScreen.storyboard in Resources */,
				CF5518B1244E86610082090C /* Assets.xcassets in Resources */,
				CF5518AF244E86610082090C /* Main.storyboard in Resources */,
			);
			runOnlyForDeploymentPostprocessing = 0;
		};
/* End PBXResourcesBuildPhase section */

/* Begin PBXShellScriptBuildPhase section */
		01D93EE35CDA7224A8914363 /* [CP] Embed Pods Frameworks */ = {
			isa = PBXShellScriptBuildPhase;
			buildActionMask = 2147483647;
			files = (
			);
			inputFileListPaths = (
				"${PODS_ROOT}/Target Support Files/Pods-ImSplash/Pods-ImSplash-frameworks-${CONFIGURATION}-input-files.xcfilelist",
			);
			name = "[CP] Embed Pods Frameworks";
			outputFileListPaths = (
				"${PODS_ROOT}/Target Support Files/Pods-ImSplash/Pods-ImSplash-frameworks-${CONFIGURATION}-output-files.xcfilelist",
			);
			runOnlyForDeploymentPostprocessing = 0;
			shellPath = /bin/sh;
			shellScript = "\"${PODS_ROOT}/Target Support Files/Pods-ImSplash/Pods-ImSplash-frameworks.sh\"\n";
			showEnvVarsInLog = 0;
		};
		01FB1CF9D092C929109A21A3 /* [CP] Check Pods Manifest.lock */ = {
			isa = PBXShellScriptBuildPhase;
			buildActionMask = 2147483647;
			files = (
			);
			inputFileListPaths = (
			);
			inputPaths = (
				"${PODS_PODFILE_DIR_PATH}/Podfile.lock",
				"${PODS_ROOT}/Manifest.lock",
			);
			name = "[CP] Check Pods Manifest.lock";
			outputFileListPaths = (
			);
			outputPaths = (
				"$(DERIVED_FILE_DIR)/Pods-ImSplash-checkManifestLockResult.txt",
			);
			runOnlyForDeploymentPostprocessing = 0;
			shellPath = /bin/sh;
			shellScript = "diff \"${PODS_PODFILE_DIR_PATH}/Podfile.lock\" \"${PODS_ROOT}/Manifest.lock\" > /dev/null\nif [ $? != 0 ] ; then\n    # print error to STDERR\n    echo \"error: The sandbox is not in sync with the Podfile.lock. Run 'pod install' or update your CocoaPods installation.\" >&2\n    exit 1\nfi\n# This output is used by Xcode 'outputs' to avoid re-running this script phase.\necho \"SUCCESS\" > \"${SCRIPT_OUTPUT_FILE_0}\"\n";
			showEnvVarsInLog = 0;
		};
/* End PBXShellScriptBuildPhase section */

/* Begin PBXSourcesBuildPhase section */
		CF5518A0244E86610082090C /* Sources */ = {
			isa = PBXSourcesBuildPhase;
			buildActionMask = 2147483647;
			files = (
				CF5518AC244E86610082090C /* ViewController.swift in Sources */,
				CF5518A8244E86610082090C /* AppDelegate.swift in Sources */,
				CF5518AA244E86610082090C /* SceneDelegate.swift in Sources */,
			);
			runOnlyForDeploymentPostprocessing = 0;
		};
/* End PBXSourcesBuildPhase section */

/* Begin PBXVariantGroup section */
		CF5518AD244E86610082090C /* Main.storyboard */ = {
			isa = PBXVariantGroup;
			children = (
				CF5518AE244E86610082090C /* Base */,
			);
			name = Main.storyboard;
			sourceTree = "<group>";
		};
		CF5518B2244E86610082090C /* LaunchScreen.storyboard */ = {
			isa = PBXVariantGroup;
			children = (
				CF5518B3244E86610082090C /* Base */,
			);
			name = LaunchScreen.storyboard;
			sourceTree = "<group>";
		};
/* End PBXVariantGroup section */

/* Begin XCBuildConfiguration section */
		CF5518B6244E86610082090C /* Debug */ = {
			isa = XCBuildConfiguration;
			buildSettings = {
				ALWAYS_SEARCH_USER_PATHS = NO;
				CLANG_ANALYZER_NONNULL = YES;
				CLANG_ANALYZER_NUMBER_OBJECT_CONVERSION = YES_AGGRESSIVE;
				CLANG_CXX_LANGUAGE_STANDARD = "gnu++14";
				CLANG_CXX_LIBRARY = "libc++";
				CLANG_ENABLE_MODULES = YES;
				CLANG_ENABLE_OBJC_ARC = YES;
				CLANG_ENABLE_OBJC_WEAK = YES;
				CLANG_WARN_BLOCK_CAPTURE_AUTORELEASING = YES;
				CLANG_WARN_BOOL_CONVERSION = YES;
				CLANG_WARN_COMMA = YES;
				CLANG_WARN_CONSTANT_CONVERSION = YES;
				CLANG_WARN_DEPRECATED_OBJC_IMPLEMENTATIONS = YES;
				CLANG_WARN_DIRECT_OBJC_ISA_USAGE = YES_ERROR;
				CLANG_WARN_DOCUMENTATION_COMMENTS = YES;
				CLANG_WARN_EMPTY_BODY = YES;
				CLANG_WARN_ENUM_CONVERSION = YES;
				CLANG_WARN_INFINITE_RECURSION = YES;
				CLANG_WARN_INT_CONVERSION = YES;
				CLANG_WARN_NON_LITERAL_NULL_CONVERSION = YES;
				CLANG_WARN_OBJC_IMPLICIT_RETAIN_SELF = YES;
				CLANG_WARN_OBJC_LITERAL_CONVERSION = YES;
				CLANG_WARN_OBJC_ROOT_CLASS = YES_ERROR;
				CLANG_WARN_RANGE_LOOP_ANALYSIS = YES;
				CLANG_WARN_STRICT_PROTOTYPES = YES;
				CLANG_WARN_SUSPICIOUS_MOVE = YES;
				CLANG_WARN_UNGUARDED_AVAILABILITY = YES_AGGRESSIVE;
				CLANG_WARN_UNREACHABLE_CODE = YES;
				CLANG_WARN__DUPLICATE_METHOD_MATCH = YES;
				COPY_PHASE_STRIP = NO;
				DEBUG_INFORMATION_FORMAT = dwarf;
				ENABLE_STRICT_OBJC_MSGSEND = YES;
				ENABLE_TESTABILITY = YES;
				GCC_C_LANGUAGE_STANDARD = gnu11;
				GCC_DYNAMIC_NO_PIC = NO;
				GCC_NO_COMMON_BLOCKS = YES;
				GCC_OPTIMIZATION_LEVEL = 0;
				GCC_PREPROCESSOR_DEFINITIONS = (
					"DEBUG=1",
					"$(inherited)",
				);
				GCC_WARN_64_TO_32_BIT_CONVERSION = YES;
				GCC_WARN_ABOUT_RETURN_TYPE = YES_ERROR;
				GCC_WARN_UNDECLARED_SELECTOR = YES;
				GCC_WARN_UNINITIALIZED_AUTOS = YES_AGGRESSIVE;
				GCC_WARN_UNUSED_FUNCTION = YES;
				GCC_WARN_UNUSED_VARIABLE = YES;
				IPHONEOS_DEPLOYMENT_TARGET = 13.4;
				MTL_ENABLE_DEBUG_INFO = INCLUDE_SOURCE;
				MTL_FAST_MATH = YES;
				ONLY_ACTIVE_ARCH = YES;
				SDKROOT = iphoneos;
				SWIFT_ACTIVE_COMPILATION_CONDITIONS = DEBUG;
				SWIFT_OPTIMIZATION_LEVEL = "-Onone";
			};
			name = Debug;
		};
		CF5518B7244E86610082090C /* Release */ = {
			isa = XCBuildConfiguration;
			buildSettings = {
				ALWAYS_SEARCH_USER_PATHS = NO;
				CLANG_ANALYZER_NONNULL = YES;
				CLANG_ANALYZER_NUMBER_OBJECT_CONVERSION = YES_AGGRESSIVE;
				CLANG_CXX_LANGUAGE_STANDARD = "gnu++14";
				CLANG_CXX_LIBRARY = "libc++";
				CLANG_ENABLE_MODULES = YES;
				CLANG_ENABLE_OBJC_ARC = YES;
				CLANG_ENABLE_OBJC_WEAK = YES;
				CLANG_WARN_BLOCK_CAPTURE_AUTORELEASING = YES;
				CLANG_WARN_BOOL_CONVERSION = YES;
				CLANG_WARN_COMMA = YES;
				CLANG_WARN_CONSTANT_CONVERSION = YES;
				CLANG_WARN_DEPRECATED_OBJC_IMPLEMENTATIONS = YES;
				CLANG_WARN_DIRECT_OBJC_ISA_USAGE = YES_ERROR;
				CLANG_WARN_DOCUMENTATION_COMMENTS = YES;
				CLANG_WARN_EMPTY_BODY = YES;
				CLANG_WARN_ENUM_CONVERSION = YES;
				CLANG_WARN_INFINITE_RECURSION = YES;
				CLANG_WARN_INT_CONVERSION = YES;
				CLANG_WARN_NON_LITERAL_NULL_CONVERSION = YES;
				CLANG_WARN_OBJC_IMPLICIT_RETAIN_SELF = YES;
				CLANG_WARN_OBJC_LITERAL_CONVERSION = YES;
				CLANG_WARN_OBJC_ROOT_CLASS = YES_ERROR;
				CLANG_WARN_RANGE_LOOP_ANALYSIS = YES;
				CLANG_WARN_STRICT_PROTOTYPES = YES;
				CLANG_WARN_SUSPICIOUS_MOVE = YES;
				CLANG_WARN_UNGUARDED_AVAILABILITY = YES_AGGRESSIVE;
				CLANG_WARN_UNREACHABLE_CODE = YES;
				CLANG_WARN__DUPLICATE_METHOD_MATCH = YES;
				COPY_PHASE_STRIP = NO;
				DEBUG_INFORMATION_FORMAT = "dwarf-with-dsym";
				ENABLE_NS_ASSERTIONS = NO;
				ENABLE_STRICT_OBJC_MSGSEND = YES;
				GCC_C_LANGUAGE_STANDARD = gnu11;
				GCC_NO_COMMON_BLOCKS = YES;
				GCC_WARN_64_TO_32_BIT_CONVERSION = YES;
				GCC_WARN_ABOUT_RETURN_TYPE = YES_ERROR;
				GCC_WARN_UNDECLARED_SELECTOR = YES;
				GCC_WARN_UNINITIALIZED_AUTOS = YES_AGGRESSIVE;
				GCC_WARN_UNUSED_FUNCTION = YES;
				GCC_WARN_UNUSED_VARIABLE = YES;
				IPHONEOS_DEPLOYMENT_TARGET = 13.4;
				MTL_ENABLE_DEBUG_INFO = NO;
				MTL_FAST_MATH = YES;
				SDKROOT = iphoneos;
				SWIFT_COMPILATION_MODE = wholemodule;
				SWIFT_OPTIMIZATION_LEVEL = "-O";
				VALIDATE_PRODUCT = YES;
			};
			name = Release;
		};
		CF5518B9244E86610082090C /* Debug */ = {
			isa = XCBuildConfiguration;
			baseConfigurationReference = 5E4BCC43CB875E7483D46EDA /* Pods-ImSplash.debug.xcconfig */;
			buildSettings = {
				ASSETCATALOG_COMPILER_APPICON_NAME = AppIcon;
				CODE_SIGN_STYLE = Automatic;
				DEVELOPMENT_TEAM = D5L66SASF9;
				INFOPLIST_FILE = ImSplash/Info.plist;
				LD_RUNPATH_SEARCH_PATHS = (
					"$(inherited)",
					"@executable_path/Frameworks",
				);
				PRODUCT_BUNDLE_IDENTIFIER = com.jackd1209.ImSplash;
				PRODUCT_NAME = "$(TARGET_NAME)";
				SWIFT_VERSION = 5.0;
				TARGETED_DEVICE_FAMILY = "1,2";
			};
			name = Debug;
		};
		CF5518BA244E86610082090C /* Release */ = {
			isa = XCBuildConfiguration;
			baseConfigurationReference = EFAF3D094EA0B1592C67E44E /* Pods-ImSplash.release.xcconfig */;
			buildSettings = {
				ASSETCATALOG_COMPILER_APPICON_NAME = AppIcon;
				CODE_SIGN_STYLE = Automatic;
				DEVELOPMENT_TEAM = D5L66SASF9;
				INFOPLIST_FILE = ImSplash/Info.plist;
				LD_RUNPATH_SEARCH_PATHS = (
					"$(inherited)",
					"@executable_path/Frameworks",
				);
				PRODUCT_BUNDLE_IDENTIFIER = com.jackd1209.ImSplash;
				PRODUCT_NAME = "$(TARGET_NAME)";
				SWIFT_VERSION = 5.0;
				TARGETED_DEVICE_FAMILY = "1,2";
			};
			name = Release;
		};
/* End XCBuildConfiguration section */

/* Begin XCConfigurationList section */
		CF55189F244E86610082090C /* Build configuration list for PBXProject "ImSplash" */ = {
			isa = XCConfigurationList;
			buildConfigurations = (
				CF5518B6244E86610082090C /* Debug */,
				CF5518B7244E86610082090C /* Release */,
			);
			defaultConfigurationIsVisible = 0;
			defaultConfigurationName = Release;
		};
		CF5518B8244E86610082090C /* Build configuration list for PBXNativeTarget "ImSplash" */ = {
			isa = XCConfigurationList;
			buildConfigurations = (
				CF5518B9244E86610082090C /* Debug */,
				CF5518BA244E86610082090C /* Release */,
			);
			defaultConfigurationIsVisible = 0;
			defaultConfigurationName = Release;
		};
/* End XCConfigurationList section */
	};
	rootObject = CF55189C244E86610082090C /* Project object */;
}
